{
  "version": 4,
  "terraform_version": "1.5.5",
  "serial": 1,
  "lineage": "6aaede1d-3efd-6330-cdb6-7ce63314a3f6",
  "outputs": {},
  "resources": [
    {
      "mode": "managed",
      "type": "local_file",
      "name": "name",
      "provider": "provider[\"registry.terraform.io/hashicorp/local\"]",
      "instances": [
        {
          "schema_version": 0,
          "attributes": {
            "content": "",
            "content_base64": null,
            "content_base64sha256": "jBsvXrFTbBPcwF09ajxcB6iUspVz3Hz5sqUmYbyE2P4=",
            "content_base64sha512": "om5iVZNt234fZIxAuXXnKs6oDyYFc7hwK+nuZ9qmtuDxlQh2pb4vb5WYsQYTgrMsO64COtrPpheqIODYFzW19A==",
            "content_md5": "bc9208839e79922ad9e501647548fb47",
            "content_sha1": "e5c005a2853f424805661c9256d34160997348db",
            "content_sha256": "8c1b2f5eb1536c13dcc05d3d6a3c5c07a894b29573dc7cf9b2a52661bc84d8fe",
            "content_sha512": "a26e6255936ddb7e1f648c40b975e72acea80f260573b8702be9ee67daa6b6e0f1950876a5be2f6f9598b1061382b32c3bae023adacfa617aa20e0d81735b5f4",
            "directory_permission": "0777",
            "file_permission": "0777",
            "filename": "name.txt",
            "id": "e5c005a2853f424805661c9256d34160997348db",
            "sensitive_content": null,
            "source": null
          },
          "sensitive_attributes": []
        }
      ]
    }
  ],
  "check_results": null
}
